<?xml version="1.0" encoding="utf-8"?>
<Project ToolsVersion="4.0" xmlns="http://schemas.microsoft.com/developer/msbuild/2003">
  <ItemGroup>
    <Filter Include="Source Files">
      <UniqueIdentifier>{4FC737F1-C7A5-4376-A066-2A32D752A2FF}</UniqueIdentifier>
      <Extensions>cpp;c;cc;cxx;c++;cppm;ixx;def;odl;idl;hpj;bat;asm;asmx</Extensions>
    </Filter>
    <Filter Include="Header Files">
      <UniqueIdentifier>{93995380-89BD-4b04-88EB-625FBE52EBFB}</UniqueIdentifier>
      <Extensions>h;hh;hpp;hxx;h++;hm;inl;inc;ipp;xsd</Extensions>
    </Filter>
    <Filter Include="Resource Files">
      <UniqueIdentifier>{67DA6AB6-F800-4c08-8B7A-83BB121AAD01}</UniqueIdentifier>
      <Extensions>rc;ico;cur;bmp;dlg;rc2;rct;bin;rgs;gif;jpg;jpeg;jpe;resx;tiff;tif;png;wav;mfcribbon-ms</Extensions>
    </Filter>
  </ItemGroup>
  <ItemGroup>
    <ClCompile Include="SuperMario.cpp">
      <Filter>Source Files</Filter>
    </ClCompile>
    <ClCompile Include="headersAndSources\Chunk.cpp">
      <Filter>Source Files</Filter>
    </ClCompile>
    <ClCompile Include="headersAndSources\Brick.cpp">
      <Filter>Source Files</Filter>
    </ClCompile>
    <ClCompile Include="headersAndSources\Array.cpp">
      <Filter>Source Files</Filter>
    </ClCompile>
    <ClCompile Include="headersAndSources\Button.cpp">
      <Filter>Source Files</Filter>
    </ClCompile>
    <ClCompile Include="headersAndSources\Collection.cpp">
      <Filter>Source Files</Filter>
    </ClCompile>
    <ClCompile Include="headersAndSources\Dirt.cpp">
      <Filter>Source Files</Filter>
    </ClCompile>
    <ClCompile Include="headersAndSources\Entity.cpp">
      <Filter>Source Files</Filter>
    </ClCompile>
    <ClCompile Include="headersAndSources\FireBall.cpp">
      <Filter>Source Files</Filter>
    </ClCompile>
    <ClCompile Include="headersAndSources\Flower.cpp">
      <Filter>Source Files</Filter>
    </ClCompile>
    <ClCompile Include="headersAndSources\Game.cpp">
      <Filter>Source Files</Filter>
    </ClCompile>
    <ClCompile Include="headersAndSources\Goomba.cpp">
      <Filter>Source Files</Filter>
    </ClCompile>
    <ClCompile Include="headersAndSources\Hitbox.cpp">
      <Filter>Source Files</Filter>
    </ClCompile>
    <ClCompile Include="headersAndSources\InvisibleWall.cpp">
      <Filter>Source Files</Filter>
    </ClCompile>
    <ClCompile Include="headersAndSources\LuckyBrick.cpp">
      <Filter>Source Files</Filter>
    </ClCompile>
    <ClCompile Include="headersAndSources\Map.cpp">
      <Filter>Source Files</Filter>
    </ClCompile>
    <ClCompile Include="headersAndSources\Menu.cpp">
      <Filter>Source Files</Filter>
    </ClCompile>
    <ClCompile Include="headersAndSources\Mouse.cpp">
      <Filter>Source Files</Filter>
    </ClCompile>
    <ClCompile Include="headersAndSources\Mushroom.cpp">
      <Filter>Source Files</Filter>
    </ClCompile>
    <ClCompile Include="headersAndSources\Obstacle.cpp">
      <Filter>Source Files</Filter>
    </ClCompile>
    <ClCompile Include="headersAndSources\Pipe.cpp">
      <Filter>Source Files</Filter>
    </ClCompile>
    <ClCompile Include="headersAndSources\PiranhaPlant.cpp">
      <Filter>Source Files</Filter>
    </ClCompile>
    <ClCompile Include="headersAndSources\Pit.cpp">
      <Filter>Source Files</Filter>
    </ClCompile>
    <ClCompile Include="headersAndSources\Player.cpp">
      <Filter>Source Files</Filter>
    </ClCompile>
    <ClCompile Include="headersAndSources\SDLhandling.cpp">
      <Filter>Source Files</Filter>
    </ClCompile>
    <ClCompile Include="headersAndSources\Spawner.cpp">
      <Filter>Source Files</Filter>
    </ClCompile>
    <ClCompile Include="headersAndSources\State.cpp">
      <Filter>Source Files</Filter>
    </ClCompile>
    <ClCompile Include="headersAndSources\Timer.cpp">
      <Filter>Source Files</Filter>
    </ClCompile>
    <ClCompile Include="headersAndSources\Background.cpp">
      <Filter>Source Files</Filter>
    </ClCompile>
  </ItemGroup>
  <ItemGroup>
    <ClInclude Include="headersAndSources\Chunk.hpp">
      <Filter>Header Files</Filter>
    </ClInclude>
    <ClInclude Include="headersAndSources\Brick.hpp">
      <Filter>Header Files</Filter>
    </ClInclude>
    <ClInclude Include="headersAndSources\Array.hpp">
      <Filter>Header Files</Filter>
    </ClInclude>
    <ClInclude Include="headersAndSources\Button.hpp">
      <Filter>Header Files</Filter>
    </ClInclude>
    <ClInclude Include="headersAndSources\Collection.hpp">
      <Filter>Header Files</Filter>
    </ClInclude>
    <ClInclude Include="headersAndSources\Dirt.hpp">
      <Filter>Header Files</Filter>
    </ClInclude>
    <ClInclude Include="headersAndSources\Entity.hpp">
      <Filter>Header Files</Filter>
    </ClInclude>
    <ClInclude Include="headersAndSources\FireBall.hpp">
      <Filter>Header Files</Filter>
    </ClInclude>
    <ClInclude Include="headersAndSources\Flower.hpp">
      <Filter>Header Files</Filter>
    </ClInclude>
    <ClInclude Include="headersAndSources\Game.hpp">
      <Filter>Header Files</Filter>
    </ClInclude>
    <ClInclude Include="headersAndSources\Goomba.hpp">
      <Filter>Header Files</Filter>
    </ClInclude>
    <ClInclude Include="headersAndSources\Hitbox.hpp">
      <Filter>Header Files</Filter>
    </ClInclude>
    <ClInclude Include="headersAndSources\InvisibleWall.hpp">
      <Filter>Header Files</Filter>
    </ClInclude>
    <ClInclude Include="headersAndSources\LuckyBrick.hpp">
      <Filter>Header Files</Filter>
    </ClInclude>
    <ClInclude Include="headersAndSources\Map.hpp">
      <Filter>Header Files</Filter>
    </ClInclude>
    <ClInclude Include="headersAndSources\Menu.hpp">
      <Filter>Header Files</Filter>
    </ClInclude>
    <ClInclude Include="headersAndSources\Mouse.hpp">
      <Filter>Header Files</Filter>
    </ClInclude>
    <ClInclude Include="headersAndSources\Mushroom.hpp">
      <Filter>Header Files</Filter>
    </ClInclude>
    <ClInclude Include="headersAndSources\Obstacle.hpp">
      <Filter>Header Files</Filter>
    </ClInclude>
    <ClInclude Include="headersAndSources\Pipe.hpp">
      <Filter>Header Files</Filter>
    </ClInclude>
    <ClInclude Include="headersAndSources\PiranhaPlant.hpp">
      <Filter>Header Files</Filter>
    </ClInclude>
    <ClInclude Include="headersAndSources\Pit.hpp">
      <Filter>Header Files</Filter>
    </ClInclude>
    <ClInclude Include="headersAndSources\Player.hpp">
      <Filter>Header Files</Filter>
    </ClInclude>
    <ClInclude Include="headersAndSources\SDLhandling.hpp">
      <Filter>Header Files</Filter>
    </ClInclude>
    <ClInclude Include="headersAndSources\Spawner.hpp">
      <Filter>Header Files</Filter>
    </ClInclude>
    <ClInclude Include="headersAndSources\State.hpp">
      <Filter>Header Files</Filter>
    </ClInclude>
    <ClInclude Include="headersAndSources\Timer.hpp">
      <Filter>Header Files</Filter>
    </ClInclude>
    <ClInclude Include="headersAndSources\Background.hpp">
      <Filter>Header Files</Filter>
    </ClInclude>
  </ItemGroup>
  <ItemGroup>
    <None Include="ClassDiagram.cd" />
  </ItemGroup>
</Project>